{
  "version": "1.0.0",
  "lockfileVersion": 1,
  "requires": true,
  "dependencies": {
    "@alicloud/mpserverless-sdk": {
      "version": "3.1.1",
      "resolved": "https://registry.nlark.com/@alicloud/mpserverless-sdk/download/@alicloud/mpserverless-sdk-3.1.1.tgz",
      "integrity": "sha1-Zb6Y+j3U2trQdqHHiV0beR6WYyg="
    },
    "lodash-es": {
      "version": "4.17.15",
      "resolved": "https://registry.npm.taobao.org/lodash-es/download/lodash-es-4.17.15.tgz",
      "integrity": "sha1-Ib2Wg5NUQS8j16EDQOXqxu5FXXg="
    }
  }
}
